
Microsoft Visual Studio Solution File, Format Version 12.00
# Visual Studio 15
VisualStudioVersion = 15.0.28307.421
MinimumVisualStudioVersion = 10.0.40219.1
Project("{FAE04EC0-301F-11D3-BF4B-00C04F79EFBC}") = "SearchRotatedArray", "SearchRotatedArray\SearchRotatedArray.csproj", "{69C015BB-9A89-4EC5-AFC4-8D0C67F32888}"
EndProject
Global
	GlobalSection(SolutionConfigurationPlatforms) = preSolution
		Debug|Any CPU = Debug|Any CPU
		Release|Any CPU = Release|Any CPU
	EndGlobalSection
	GlobalSection(ProjectConfigurationPlatforms) = postSolution
		{69C015BB-9A89-4EC5-AFC4-8D0C67F32888}.Debug|Any CPU.ActiveCfg = Debug|Any CPU
		{69C015BB-9A89-4EC5-AFC4-8D0C67F32888}.Debug|Any CPU.Build.0 = Debug|Any CPU
		{69C015BB-9A89-4EC5-AFC4-8D0C67F32888}.Release|Any CPU.ActiveCfg = Release|Any CPU
		{69C015BB-9A89-4EC5-AFC4-8D0C67F32888}.Release|Any CPU.Build.0 = Release|Any CPU
	EndGlobalSection
	GlobalSection(SolutionProperties) = preSolution
		HideSolutionNode = FALSE
	EndGlobalSection
	GlobalSection(ExtensibilityGlobals) = postSolution
		SolutionGuid = {04DD81FA-0E35-4E1E-94EA-9E95796FE648}
	EndGlobalSection
EndGlobal
